
Microsoft Visual Studio Solution File, Format Version 12.00
# Visual Studio Version 16
VisualStudioVersion = 16.0.30114.105
MinimumVisualStudioVersion = 10.0.40219.1
Project("{2150E333-8FDC-42A3-9474-1A3956D46DE8}") = "tests", "tests", "{6DACCB4E-22A8-40FF-A5C6-810AC42BD181}"
EndProject
Project("{2150E333-8FDC-42A3-9474-1A3956D46DE8}") = "src", "src", "{093FE030-F4B8-4577-9D62-3EC9BD179EB4}"
EndProject
Project("{FAE04EC0-301F-11D3-BF4B-00C04F79EFBC}") = "TodoService", "src\TodoService\TodoService.csproj", "{D59FFADD-C530-4A68-B81E-63ED624B709D}"
EndProject
Project("{FAE04EC0-301F-11D3-BF4B-00C04F79EFBC}") = "TodoService.UnitTests", "tests\TodoService.UnitTests\TodoService.UnitTests.csproj", "{812E85D1-B271-4333-A740-388C6A36E700}"
EndProject
Global
	GlobalSection(SolutionConfigurationPlatforms) = preSolution
		Debug|Any CPU = Debug|Any CPU
		Debug|x64 = Debug|x64
		Debug|x86 = Debug|x86
		Release|Any CPU = Release|Any CPU
		Release|x64 = Release|x64
		Release|x86 = Release|x86
	EndGlobalSection
	GlobalSection(SolutionProperties) = preSolution
		HideSolutionNode = FALSE
	EndGlobalSection
	GlobalSection(ProjectConfigurationPlatforms) = postSolution
		{D59FFADD-C530-4A68-B81E-63ED624B709D}.Debug|Any CPU.ActiveCfg = Debug|Any CPU
		{D59FFADD-C530-4A68-B81E-63ED624B709D}.Debug|Any CPU.Build.0 = Debug|Any CPU
		{D59FFADD-C530-4A68-B81E-63ED624B709D}.Debug|x64.ActiveCfg = Debug|Any CPU
		{D59FFADD-C530-4A68-B81E-63ED624B709D}.Debug|x64.Build.0 = Debug|Any CPU
		{D59FFADD-C530-4A68-B81E-63ED624B709D}.Debug|x86.ActiveCfg = Debug|Any CPU
		{D59FFADD-C530-4A68-B81E-63ED624B709D}.Debug|x86.Build.0 = Debug|Any CPU
		{D59FFADD-C530-4A68-B81E-63ED624B709D}.Release|Any CPU.ActiveCfg = Release|Any CPU
		{D59FFADD-C530-4A68-B81E-63ED624B709D}.Release|Any CPU.Build.0 = Release|Any CPU
		{D59FFADD-C530-4A68-B81E-63ED624B709D}.Release|x64.ActiveCfg = Release|Any CPU
		{D59FFADD-C530-4A68-B81E-63ED624B709D}.Release|x64.Build.0 = Release|Any CPU
		{D59FFADD-C530-4A68-B81E-63ED624B709D}.Release|x86.ActiveCfg = Release|Any CPU
		{D59FFADD-C530-4A68-B81E-63ED624B709D}.Release|x86.Build.0 = Release|Any CPU
		{812E85D1-B271-4333-A740-388C6A36E700}.Debug|Any CPU.ActiveCfg = Debug|Any CPU
		{812E85D1-B271-4333-A740-388C6A36E700}.Debug|Any CPU.Build.0 = Debug|Any CPU
		{812E85D1-B271-4333-A740-388C6A36E700}.Debug|x64.ActiveCfg = Debug|Any CPU
		{812E85D1-B271-4333-A740-388C6A36E700}.Debug|x64.Build.0 = Debug|Any CPU
		{812E85D1-B271-4333-A740-388C6A36E700}.Debug|x86.ActiveCfg = Debug|Any CPU
		{812E85D1-B271-4333-A740-388C6A36E700}.Debug|x86.Build.0 = Debug|Any CPU
		{812E85D1-B271-4333-A740-388C6A36E700}.Release|Any CPU.ActiveCfg = Release|Any CPU
		{812E85D1-B271-4333-A740-388C6A36E700}.Release|Any CPU.Build.0 = Release|Any CPU
		{812E85D1-B271-4333-A740-388C6A36E700}.Release|x64.ActiveCfg = Release|Any CPU
		{812E85D1-B271-4333-A740-388C6A36E700}.Release|x64.Build.0 = Release|Any CPU
		{812E85D1-B271-4333-A740-388C6A36E700}.Release|x86.ActiveCfg = Release|Any CPU
		{812E85D1-B271-4333-A740-388C6A36E700}.Release|x86.Build.0 = Release|Any CPU
	EndGlobalSection
	GlobalSection(NestedProjects) = preSolution
		{D59FFADD-C530-4A68-B81E-63ED624B709D} = {093FE030-F4B8-4577-9D62-3EC9BD179EB4}
		{812E85D1-B271-4333-A740-388C6A36E700} = {6DACCB4E-22A8-40FF-A5C6-810AC42BD181}
	EndGlobalSection
EndGlobal
